
Microsoft Visual Studio Solution File, Format Version 12.00
# Visual Studio Version 17
VisualStudioVersion = 17.1.32414.318
MinimumVisualStudioVersion = 10.0.40219.1
Project("{FAE04EC0-301F-11D3-BF4B-00C04F79EFBC}") = "01-ByteBank", "01-ByteBank\01-ByteBank.csproj", "{72BB94C7-9495-497B-A2C4-808951BE6CC0}"
EndProject
Project("{FAE04EC0-301F-11D3-BF4B-00C04F79EFBC}") = "02-ByteBank", "02-ByteBank\02-ByteBank.csproj", "{7A082DF5-E073-4F70-9FC2-F466794FACCE}"
EndProject
Project("{FAE04EC0-301F-11D3-BF4B-00C04F79EFBC}") = "03-ByteBank", "03-ByteBank\03-ByteBank.csproj", "{E23D4165-F058-4D94-88DE-6934047BDA79}"
EndProject
Project("{FAE04EC0-301F-11D3-BF4B-00C04F79EFBC}") = "04-ByteBank", "04-ByteBank\04-ByteBank.csproj", "{1F6DA6AC-0360-446A-BBEF-B3DE4572BEB9}"
EndProject
Project("{FAE04EC0-301F-11D3-BF4B-00C04F79EFBC}") = "05-ByteBank", "05-ByteBank\05-ByteBank.csproj", "{1E045693-EF2E-46EE-9CFF-25A7987A68EE}"
EndProject
Project("{FAE04EC0-301F-11D3-BF4B-00C04F79EFBC}") = "06-ByteBank", "06-ByteBank\06-ByteBank.csproj", "{A9C1C78F-16D2-460F-B363-B5237A68D67E}"
EndProject
Project("{FAE04EC0-301F-11D3-BF4B-00C04F79EFBC}") = "07-ByteBank", "07-ByteBank\07-ByteBank.csproj", "{25BFF07F-2128-4C84-86C6-CAD6A2F8E031}"
EndProject
Global
	GlobalSection(SolutionConfigurationPlatforms) = preSolution
		Debug|Any CPU = Debug|Any CPU
		Release|Any CPU = Release|Any CPU
	EndGlobalSection
	GlobalSection(ProjectConfigurationPlatforms) = postSolution
		{72BB94C7-9495-497B-A2C4-808951BE6CC0}.Debug|Any CPU.ActiveCfg = Debug|Any CPU
		{72BB94C7-9495-497B-A2C4-808951BE6CC0}.Debug|Any CPU.Build.0 = Debug|Any CPU
		{72BB94C7-9495-497B-A2C4-808951BE6CC0}.Release|Any CPU.ActiveCfg = Release|Any CPU
		{72BB94C7-9495-497B-A2C4-808951BE6CC0}.Release|Any CPU.Build.0 = Release|Any CPU
		{7A082DF5-E073-4F70-9FC2-F466794FACCE}.Debug|Any CPU.ActiveCfg = Debug|Any CPU
		{7A082DF5-E073-4F70-9FC2-F466794FACCE}.Debug|Any CPU.Build.0 = Debug|Any CPU
		{7A082DF5-E073-4F70-9FC2-F466794FACCE}.Release|Any CPU.ActiveCfg = Release|Any CPU
		{7A082DF5-E073-4F70-9FC2-F466794FACCE}.Release|Any CPU.Build.0 = Release|Any CPU
		{E23D4165-F058-4D94-88DE-6934047BDA79}.Debug|Any CPU.ActiveCfg = Debug|Any CPU
		{E23D4165-F058-4D94-88DE-6934047BDA79}.Debug|Any CPU.Build.0 = Debug|Any CPU
		{E23D4165-F058-4D94-88DE-6934047BDA79}.Release|Any CPU.ActiveCfg = Release|Any CPU
		{E23D4165-F058-4D94-88DE-6934047BDA79}.Release|Any CPU.Build.0 = Release|Any CPU
		{1F6DA6AC-0360-446A-BBEF-B3DE4572BEB9}.Debug|Any CPU.ActiveCfg = Debug|Any CPU
		{1F6DA6AC-0360-446A-BBEF-B3DE4572BEB9}.Debug|Any CPU.Build.0 = Debug|Any CPU
		{1F6DA6AC-0360-446A-BBEF-B3DE4572BEB9}.Release|Any CPU.ActiveCfg = Release|Any CPU
		{1F6DA6AC-0360-446A-BBEF-B3DE4572BEB9}.Release|Any CPU.Build.0 = Release|Any CPU
		{1E045693-EF2E-46EE-9CFF-25A7987A68EE}.Debug|Any CPU.ActiveCfg = Debug|Any CPU
		{1E045693-EF2E-46EE-9CFF-25A7987A68EE}.Debug|Any CPU.Build.0 = Debug|Any CPU
		{1E045693-EF2E-46EE-9CFF-25A7987A68EE}.Release|Any CPU.ActiveCfg = Release|Any CPU
		{1E045693-EF2E-46EE-9CFF-25A7987A68EE}.Release|Any CPU.Build.0 = Release|Any CPU
		{A9C1C78F-16D2-460F-B363-B5237A68D67E}.Debug|Any CPU.ActiveCfg = Debug|Any CPU
		{A9C1C78F-16D2-460F-B363-B5237A68D67E}.Debug|Any CPU.Build.0 = Debug|Any CPU
		{A9C1C78F-16D2-460F-B363-B5237A68D67E}.Release|Any CPU.ActiveCfg = Release|Any CPU
		{A9C1C78F-16D2-460F-B363-B5237A68D67E}.Release|Any CPU.Build.0 = Release|Any CPU
		{25BFF07F-2128-4C84-86C6-CAD6A2F8E031}.Debug|Any CPU.ActiveCfg = Debug|Any CPU
		{25BFF07F-2128-4C84-86C6-CAD6A2F8E031}.Debug|Any CPU.Build.0 = Debug|Any CPU
		{25BFF07F-2128-4C84-86C6-CAD6A2F8E031}.Release|Any CPU.ActiveCfg = Release|Any CPU
		{25BFF07F-2128-4C84-86C6-CAD6A2F8E031}.Release|Any CPU.Build.0 = Release|Any CPU
	EndGlobalSection
	GlobalSection(SolutionProperties) = preSolution
		HideSolutionNode = FALSE
	EndGlobalSection
	GlobalSection(ExtensibilityGlobals) = postSolution
		SolutionGuid = {8528DD4A-7B06-47A4-AD0D-010CEABA9C4D}
	EndGlobalSection
EndGlobal
